
Microsoft Visual Studio Solution File, Format Version 12.00
# Visual Studio 14
VisualStudioVersion = 14.0.25420.1
MinimumVisualStudioVersion = 10.0.40219.1
Project("{2150E333-8FDC-42A3-9474-1A3956D46DE8}") = "01-Infrastructure", "01-Infrastructure", "{71846BBD-5A98-4B4C-ACA3-7FC56652A26E}"
EndProject
Project("{2150E333-8FDC-42A3-9474-1A3956D46DE8}") = "02-Model", "02-Model", "{A6D03843-FA5E-4673-9897-6BA70CC4BAB5}"
EndProject
Project("{2150E333-8FDC-42A3-9474-1A3956D46DE8}") = "03-DataAccess", "03-DataAccess", "{09F13103-2264-4B7B-8487-08CD0715D0FF}"
EndProject
Project("{2150E333-8FDC-42A3-9474-1A3956D46DE8}") = "04-Business", "04-Business", "{D76B22CA-E7F0-41A8-A670-60296D52ACFF}"
EndProject
Project("{2150E333-8FDC-42A3-9474-1A3956D46DE8}") = "05-Presentation", "05-Presentation", "{7F59BDE7-26BC-4427-8819-46DE7AF7F042}"
EndProject
Project("{FAE04EC0-301F-11D3-BF4B-00C04F79EFBC}") = "Framework.Common", "Framework.Common\Framework.Common.csproj", "{0DD8F9E9-41F1-4F64-B113-B3623FA17ADA}"
EndProject
Project("{FAE04EC0-301F-11D3-BF4B-00C04F79EFBC}") = "YYBDAP.Model", "YYBDAP.Model\YYBDAP.Model.csproj", "{C5D3C87A-46F4-4D1E-903D-78F0F75682BD}"
EndProject
Project("{FAE04EC0-301F-11D3-BF4B-00C04F79EFBC}") = "YYBDAP.ViewModel", "YYBDAP.ViewModel\YYBDAP.ViewModel.csproj", "{98A09BC0-8E2D-4D59-9933-A4C2DC5EF59B}"
EndProject
Project("{FAE04EC0-301F-11D3-BF4B-00C04F79EFBC}") = "YYBDAP.IDAL", "YYBDAP.IDAL\YYBDAP.IDAL.csproj", "{AF1EBA00-BCD2-4AF2-8CE2-ED89B367CAAC}"
EndProject
Project("{FAE04EC0-301F-11D3-BF4B-00C04F79EFBC}") = "YYBDAP.EFDAL", "YYBDAP.EFDAL\YYBDAP.EFDAL.csproj", "{11A6222B-0E70-42AC-A44A-DC3F510CC774}"
EndProject
Project("{FAE04EC0-301F-11D3-BF4B-00C04F79EFBC}") = "YYBDAP.IBLL", "YYBDAP.IBLL\YYBDAP.IBLL.csproj", "{EA5EC69B-15B6-42D1-90A5-02C1945486D8}"
EndProject
Project("{FAE04EC0-301F-11D3-BF4B-00C04F79EFBC}") = "YYBDAP.BLL", "YYBDAP.BLL\YYBDAP.BLL.csproj", "{F32A29CF-60FF-4537-952D-B51972FECCA2}"
EndProject
Project("{FAE04EC0-301F-11D3-BF4B-00C04F79EFBC}") = "YYBDAP.Web.Portal", "YYBDAP.Web.Portal\YYBDAP.Web.Portal.csproj", "{3E0C2492-28A2-4041-928C-319AE3F3FCE0}"
EndProject
Project("{FAE04EC0-301F-11D3-BF4B-00C04F79EFBC}") = "Framework.Log", "Framework.Log\Framework.Log.csproj", "{46DD0488-0C30-4B08-A81D-52FCD28FBC6B}"
EndProject
Global
	GlobalSection(SolutionConfigurationPlatforms) = preSolution
		Debug|Any CPU = Debug|Any CPU
		Release|Any CPU = Release|Any CPU
	EndGlobalSection
	GlobalSection(ProjectConfigurationPlatforms) = postSolution
		{0DD8F9E9-41F1-4F64-B113-B3623FA17ADA}.Debug|Any CPU.ActiveCfg = Debug|Any CPU
		{0DD8F9E9-41F1-4F64-B113-B3623FA17ADA}.Debug|Any CPU.Build.0 = Debug|Any CPU
		{0DD8F9E9-41F1-4F64-B113-B3623FA17ADA}.Release|Any CPU.ActiveCfg = Release|Any CPU
		{0DD8F9E9-41F1-4F64-B113-B3623FA17ADA}.Release|Any CPU.Build.0 = Release|Any CPU
		{C5D3C87A-46F4-4D1E-903D-78F0F75682BD}.Debug|Any CPU.ActiveCfg = Debug|Any CPU
		{C5D3C87A-46F4-4D1E-903D-78F0F75682BD}.Debug|Any CPU.Build.0 = Debug|Any CPU
		{C5D3C87A-46F4-4D1E-903D-78F0F75682BD}.Release|Any CPU.ActiveCfg = Release|Any CPU
		{C5D3C87A-46F4-4D1E-903D-78F0F75682BD}.Release|Any CPU.Build.0 = Release|Any CPU
		{98A09BC0-8E2D-4D59-9933-A4C2DC5EF59B}.Debug|Any CPU.ActiveCfg = Debug|Any CPU
		{98A09BC0-8E2D-4D59-9933-A4C2DC5EF59B}.Debug|Any CPU.Build.0 = Debug|Any CPU
		{98A09BC0-8E2D-4D59-9933-A4C2DC5EF59B}.Release|Any CPU.ActiveCfg = Release|Any CPU
		{98A09BC0-8E2D-4D59-9933-A4C2DC5EF59B}.Release|Any CPU.Build.0 = Release|Any CPU
		{AF1EBA00-BCD2-4AF2-8CE2-ED89B367CAAC}.Debug|Any CPU.ActiveCfg = Debug|Any CPU
		{AF1EBA00-BCD2-4AF2-8CE2-ED89B367CAAC}.Debug|Any CPU.Build.0 = Debug|Any CPU
		{AF1EBA00-BCD2-4AF2-8CE2-ED89B367CAAC}.Release|Any CPU.ActiveCfg = Release|Any CPU
		{AF1EBA00-BCD2-4AF2-8CE2-ED89B367CAAC}.Release|Any CPU.Build.0 = Release|Any CPU
		{11A6222B-0E70-42AC-A44A-DC3F510CC774}.Debug|Any CPU.ActiveCfg = Debug|Any CPU
		{11A6222B-0E70-42AC-A44A-DC3F510CC774}.Debug|Any CPU.Build.0 = Debug|Any CPU
		{11A6222B-0E70-42AC-A44A-DC3F510CC774}.Release|Any CPU.ActiveCfg = Release|Any CPU
		{11A6222B-0E70-42AC-A44A-DC3F510CC774}.Release|Any CPU.Build.0 = Release|Any CPU
		{EA5EC69B-15B6-42D1-90A5-02C1945486D8}.Debug|Any CPU.ActiveCfg = Debug|Any CPU
		{EA5EC69B-15B6-42D1-90A5-02C1945486D8}.Debug|Any CPU.Build.0 = Debug|Any CPU
		{EA5EC69B-15B6-42D1-90A5-02C1945486D8}.Release|Any CPU.ActiveCfg = Release|Any CPU
		{EA5EC69B-15B6-42D1-90A5-02C1945486D8}.Release|Any CPU.Build.0 = Release|Any CPU
		{F32A29CF-60FF-4537-952D-B51972FECCA2}.Debug|Any CPU.ActiveCfg = Debug|Any CPU
		{F32A29CF-60FF-4537-952D-B51972FECCA2}.Debug|Any CPU.Build.0 = Debug|Any CPU
		{F32A29CF-60FF-4537-952D-B51972FECCA2}.Release|Any CPU.ActiveCfg = Release|Any CPU
		{F32A29CF-60FF-4537-952D-B51972FECCA2}.Release|Any CPU.Build.0 = Release|Any CPU
		{3E0C2492-28A2-4041-928C-319AE3F3FCE0}.Debug|Any CPU.ActiveCfg = Debug|Any CPU
		{3E0C2492-28A2-4041-928C-319AE3F3FCE0}.Debug|Any CPU.Build.0 = Debug|Any CPU
		{3E0C2492-28A2-4041-928C-319AE3F3FCE0}.Release|Any CPU.ActiveCfg = Release|Any CPU
		{3E0C2492-28A2-4041-928C-319AE3F3FCE0}.Release|Any CPU.Build.0 = Release|Any CPU
		{46DD0488-0C30-4B08-A81D-52FCD28FBC6B}.Debug|Any CPU.ActiveCfg = Debug|Any CPU
		{46DD0488-0C30-4B08-A81D-52FCD28FBC6B}.Debug|Any CPU.Build.0 = Debug|Any CPU
		{46DD0488-0C30-4B08-A81D-52FCD28FBC6B}.Release|Any CPU.ActiveCfg = Release|Any CPU
		{46DD0488-0C30-4B08-A81D-52FCD28FBC6B}.Release|Any CPU.Build.0 = Release|Any CPU
	EndGlobalSection
	GlobalSection(SolutionProperties) = preSolution
		HideSolutionNode = FALSE
	EndGlobalSection
	GlobalSection(NestedProjects) = preSolution
		{0DD8F9E9-41F1-4F64-B113-B3623FA17ADA} = {71846BBD-5A98-4B4C-ACA3-7FC56652A26E}
		{C5D3C87A-46F4-4D1E-903D-78F0F75682BD} = {A6D03843-FA5E-4673-9897-6BA70CC4BAB5}
		{98A09BC0-8E2D-4D59-9933-A4C2DC5EF59B} = {A6D03843-FA5E-4673-9897-6BA70CC4BAB5}
		{AF1EBA00-BCD2-4AF2-8CE2-ED89B367CAAC} = {09F13103-2264-4B7B-8487-08CD0715D0FF}
		{11A6222B-0E70-42AC-A44A-DC3F510CC774} = {09F13103-2264-4B7B-8487-08CD0715D0FF}
		{EA5EC69B-15B6-42D1-90A5-02C1945486D8} = {D76B22CA-E7F0-41A8-A670-60296D52ACFF}
		{F32A29CF-60FF-4537-952D-B51972FECCA2} = {D76B22CA-E7F0-41A8-A670-60296D52ACFF}
		{3E0C2492-28A2-4041-928C-319AE3F3FCE0} = {7F59BDE7-26BC-4427-8819-46DE7AF7F042}
		{46DD0488-0C30-4B08-A81D-52FCD28FBC6B} = {71846BBD-5A98-4B4C-ACA3-7FC56652A26E}
	EndGlobalSection
EndGlobal
